
Microsoft Visual Studio Solution File, Format Version 12.00
Project("{FAE04EC0-301F-11D3-BF4B-00C04F79EFBC}") = "Affirmations.Spectre", "Affirmations.Spectre\Affirmations.Spectre.csproj", "{D511956B-4B74-496C-9B54-067824DE94E0}"
EndProject
Global
	GlobalSection(SolutionConfigurationPlatforms) = preSolution
		Debug|Any CPU = Debug|Any CPU
		Release|Any CPU = Release|Any CPU
	EndGlobalSection
	GlobalSection(ProjectConfigurationPlatforms) = postSolution
		{D511956B-4B74-496C-9B54-067824DE94E0}.Debug|Any CPU.ActiveCfg = Debug|Any CPU
		{D511956B-4B74-496C-9B54-067824DE94E0}.Debug|Any CPU.Build.0 = Debug|Any CPU
		{D511956B-4B74-496C-9B54-067824DE94E0}.Release|Any CPU.ActiveCfg = Release|Any CPU
		{D511956B-4B74-496C-9B54-067824DE94E0}.Release|Any CPU.Build.0 = Release|Any CPU
	EndGlobalSection
EndGlobal
